
Microsoft Visual Studio Solution File, Format Version 12.00
# Visual Studio Version 17
VisualStudioVersion = 17.8.34511.84
MinimumVisualStudioVersion = 10.0.40219.1
Project("{FAE04EC0-301F-11D3-BF4B-00C04F79EFBC}") = "Pruebalinktic.Shared", "Pruebalinktic.Shared\Pruebalinktic.Shared.csproj", "{7CE59E3D-F851-4F08-865F-A49222BBB28B}"
EndProject
Global
	GlobalSection(SolutionConfigurationPlatforms) = preSolution
		Debug|Any CPU = Debug|Any CPU
		Release|Any CPU = Release|Any CPU
	EndGlobalSection
	GlobalSection(ProjectConfigurationPlatforms) = postSolution
		{7CE59E3D-F851-4F08-865F-A49222BBB28B}.Debug|Any CPU.ActiveCfg = Debug|Any CPU
		{7CE59E3D-F851-4F08-865F-A49222BBB28B}.Debug|Any CPU.Build.0 = Debug|Any CPU
		{7CE59E3D-F851-4F08-865F-A49222BBB28B}.Release|Any CPU.ActiveCfg = Release|Any CPU
		{7CE59E3D-F851-4F08-865F-A49222BBB28B}.Release|Any CPU.Build.0 = Release|Any CPU
	EndGlobalSection
	GlobalSection(SolutionProperties) = preSolution
		HideSolutionNode = FALSE
	EndGlobalSection
	GlobalSection(ExtensibilityGlobals) = postSolution
		SolutionGuid = {9CFF3D58-04FF-4E51-A475-396C62DD748A}
	EndGlobalSection
EndGlobal
